
Microsoft Visual Studio Solution File, Format Version 12.00
# Visual Studio 15
VisualStudioVersion = 15.0.26124.0
MinimumVisualStudioVersion = 15.0.26124.0
Project("{2150E333-8FDC-42A3-9474-1A3956D46DE8}") = "src", "src", "{935C3AB6-B3A5-4F93-889A-8B117AB878D3}"
EndProject
Project("{FAE04EC0-301F-11D3-BF4B-00C04F79EFBC}") = "PalTracker", "src\PalTracker\PalTracker.csproj", "{42E72447-2345-4B77-A820-FD4D6BFFBFD6}"
EndProject
Project("{2150E333-8FDC-42A3-9474-1A3956D46DE8}") = "test", "test", "{9B2DE259-EC2B-4CB5-9B9F-0359D2542B58}"
EndProject
Project("{FAE04EC0-301F-11D3-BF4B-00C04F79EFBC}") = "PalTrackerTests", "test\PalTrackerTests\PalTrackerTests.csproj", "{537F93C8-F3C9-41BC-BA79-003E631C8B11}"
EndProject
Global
	GlobalSection(SolutionConfigurationPlatforms) = preSolution
		Debug|Any CPU = Debug|Any CPU
		Debug|x64 = Debug|x64
		Debug|x86 = Debug|x86
		Release|Any CPU = Release|Any CPU
		Release|x64 = Release|x64
		Release|x86 = Release|x86
	EndGlobalSection
	GlobalSection(SolutionProperties) = preSolution
		HideSolutionNode = FALSE
	EndGlobalSection
	GlobalSection(ProjectConfigurationPlatforms) = postSolution
		{42E72447-2345-4B77-A820-FD4D6BFFBFD6}.Debug|Any CPU.ActiveCfg = Debug|Any CPU
		{42E72447-2345-4B77-A820-FD4D6BFFBFD6}.Debug|Any CPU.Build.0 = Debug|Any CPU
		{42E72447-2345-4B77-A820-FD4D6BFFBFD6}.Debug|x64.ActiveCfg = Debug|Any CPU
		{42E72447-2345-4B77-A820-FD4D6BFFBFD6}.Debug|x64.Build.0 = Debug|Any CPU
		{42E72447-2345-4B77-A820-FD4D6BFFBFD6}.Debug|x86.ActiveCfg = Debug|Any CPU
		{42E72447-2345-4B77-A820-FD4D6BFFBFD6}.Debug|x86.Build.0 = Debug|Any CPU
		{42E72447-2345-4B77-A820-FD4D6BFFBFD6}.Release|Any CPU.ActiveCfg = Release|Any CPU
		{42E72447-2345-4B77-A820-FD4D6BFFBFD6}.Release|Any CPU.Build.0 = Release|Any CPU
		{42E72447-2345-4B77-A820-FD4D6BFFBFD6}.Release|x64.ActiveCfg = Release|Any CPU
		{42E72447-2345-4B77-A820-FD4D6BFFBFD6}.Release|x64.Build.0 = Release|Any CPU
		{42E72447-2345-4B77-A820-FD4D6BFFBFD6}.Release|x86.ActiveCfg = Release|Any CPU
		{42E72447-2345-4B77-A820-FD4D6BFFBFD6}.Release|x86.Build.0 = Release|Any CPU
		{537F93C8-F3C9-41BC-BA79-003E631C8B11}.Debug|Any CPU.ActiveCfg = Debug|Any CPU
		{537F93C8-F3C9-41BC-BA79-003E631C8B11}.Debug|Any CPU.Build.0 = Debug|Any CPU
		{537F93C8-F3C9-41BC-BA79-003E631C8B11}.Debug|x64.ActiveCfg = Debug|Any CPU
		{537F93C8-F3C9-41BC-BA79-003E631C8B11}.Debug|x64.Build.0 = Debug|Any CPU
		{537F93C8-F3C9-41BC-BA79-003E631C8B11}.Debug|x86.ActiveCfg = Debug|Any CPU
		{537F93C8-F3C9-41BC-BA79-003E631C8B11}.Debug|x86.Build.0 = Debug|Any CPU
		{537F93C8-F3C9-41BC-BA79-003E631C8B11}.Release|Any CPU.ActiveCfg = Release|Any CPU
		{537F93C8-F3C9-41BC-BA79-003E631C8B11}.Release|Any CPU.Build.0 = Release|Any CPU
		{537F93C8-F3C9-41BC-BA79-003E631C8B11}.Release|x64.ActiveCfg = Release|Any CPU
		{537F93C8-F3C9-41BC-BA79-003E631C8B11}.Release|x64.Build.0 = Release|Any CPU
		{537F93C8-F3C9-41BC-BA79-003E631C8B11}.Release|x86.ActiveCfg = Release|Any CPU
		{537F93C8-F3C9-41BC-BA79-003E631C8B11}.Release|x86.Build.0 = Release|Any CPU
	EndGlobalSection
	GlobalSection(NestedProjects) = preSolution
		{42E72447-2345-4B77-A820-FD4D6BFFBFD6} = {935C3AB6-B3A5-4F93-889A-8B117AB878D3}
		{537F93C8-F3C9-41BC-BA79-003E631C8B11} = {9B2DE259-EC2B-4CB5-9B9F-0359D2542B58}
	EndGlobalSection
EndGlobal
